
Microsoft Visual Studio Solution File, Format Version 12.00
# Visual Studio 2012
Project("{8BC9CEB8-8B4A-11D0-8D11-00A0C91BC942}") = "reCLR", "reCLR\reCLR.vcxproj", "{225097EE-89A7-42C3-8FCF-0C88CA6CDD63}"
EndProject
Project("{FAE04EC0-301F-11D3-BF4B-00C04F79EFBC}") = "refw", "refw\refw.csproj", "{19BF7432-4278-42B4-8C1F-0D19B25C49D4}"
EndProject
Project("{FAE04EC0-301F-11D3-BF4B-00C04F79EFBC}") = "reLoader", "reLoader\reLoader.csproj", "{D12C7A30-4456-41DB-9E84-8F2474CA2DD5}"
EndProject
Project("{FAE04EC0-301F-11D3-BF4B-00C04F79EFBC}") = "test2", "test2\test2.csproj", "{8C0C414D-6C90-49E6-B957-EE32746C552B}"
EndProject
Project("{FAE04EC0-301F-11D3-BF4B-00C04F79EFBC}") = "test3", "test3\test3.csproj", "{CE91D0DF-5BE2-43DA-8ADF-3C92043B1226}"
EndProject
Project("{FAE04EC0-301F-11D3-BF4B-00C04F79EFBC}") = "refw.Communication", "refw.Communication\refw.Communication.csproj", "{F484626C-D74C-4618-B978-1A3562C2C380}"
EndProject
Project("{FAE04EC0-301F-11D3-BF4B-00C04F79EFBC}") = "refw.Rendering", "refw.Rendering\refw.Rendering.csproj", "{FF77C230-B77D-41DC-9CB6-73058D5A3E54}"
EndProject
Global
	GlobalSection(SolutionConfigurationPlatforms) = preSolution
		Debug|Any CPU = Debug|Any CPU
		Debug|Mixed Platforms = Debug|Mixed Platforms
		Debug|Win32 = Debug|Win32
		Debug|x86 = Debug|x86
		Release|Any CPU = Release|Any CPU
		Release|Mixed Platforms = Release|Mixed Platforms
		Release|Win32 = Release|Win32
		Release|x86 = Release|x86
	EndGlobalSection
	GlobalSection(ProjectConfigurationPlatforms) = postSolution
		{225097EE-89A7-42C3-8FCF-0C88CA6CDD63}.Debug|Any CPU.ActiveCfg = Debug|Win32
		{225097EE-89A7-42C3-8FCF-0C88CA6CDD63}.Debug|Mixed Platforms.ActiveCfg = Debug|Win32
		{225097EE-89A7-42C3-8FCF-0C88CA6CDD63}.Debug|Mixed Platforms.Build.0 = Debug|Win32
		{225097EE-89A7-42C3-8FCF-0C88CA6CDD63}.Debug|Win32.ActiveCfg = Debug|Win32
		{225097EE-89A7-42C3-8FCF-0C88CA6CDD63}.Debug|Win32.Build.0 = Debug|Win32
		{225097EE-89A7-42C3-8FCF-0C88CA6CDD63}.Debug|x86.ActiveCfg = Debug|Win32
		{225097EE-89A7-42C3-8FCF-0C88CA6CDD63}.Release|Any CPU.ActiveCfg = Release|Win32
		{225097EE-89A7-42C3-8FCF-0C88CA6CDD63}.Release|Mixed Platforms.ActiveCfg = Release|Win32
		{225097EE-89A7-42C3-8FCF-0C88CA6CDD63}.Release|Mixed Platforms.Build.0 = Release|Win32
		{225097EE-89A7-42C3-8FCF-0C88CA6CDD63}.Release|Win32.ActiveCfg = Release|Win32
		{225097EE-89A7-42C3-8FCF-0C88CA6CDD63}.Release|Win32.Build.0 = Release|Win32
		{225097EE-89A7-42C3-8FCF-0C88CA6CDD63}.Release|x86.ActiveCfg = Release|Win32
		{19BF7432-4278-42B4-8C1F-0D19B25C49D4}.Debug|Any CPU.ActiveCfg = Debug|Any CPU
		{19BF7432-4278-42B4-8C1F-0D19B25C49D4}.Debug|Any CPU.Build.0 = Debug|Any CPU
		{19BF7432-4278-42B4-8C1F-0D19B25C49D4}.Debug|Mixed Platforms.ActiveCfg = Debug|Any CPU
		{19BF7432-4278-42B4-8C1F-0D19B25C49D4}.Debug|Mixed Platforms.Build.0 = Debug|Any CPU
		{19BF7432-4278-42B4-8C1F-0D19B25C49D4}.Debug|Win32.ActiveCfg = Debug|Any CPU
		{19BF7432-4278-42B4-8C1F-0D19B25C49D4}.Debug|x86.ActiveCfg = Debug|Any CPU
		{19BF7432-4278-42B4-8C1F-0D19B25C49D4}.Release|Any CPU.ActiveCfg = Release|Any CPU
		{19BF7432-4278-42B4-8C1F-0D19B25C49D4}.Release|Any CPU.Build.0 = Release|Any CPU
		{19BF7432-4278-42B4-8C1F-0D19B25C49D4}.Release|Mixed Platforms.ActiveCfg = Release|Any CPU
		{19BF7432-4278-42B4-8C1F-0D19B25C49D4}.Release|Mixed Platforms.Build.0 = Release|Any CPU
		{19BF7432-4278-42B4-8C1F-0D19B25C49D4}.Release|Win32.ActiveCfg = Release|Any CPU
		{19BF7432-4278-42B4-8C1F-0D19B25C49D4}.Release|x86.ActiveCfg = Release|Any CPU
		{D12C7A30-4456-41DB-9E84-8F2474CA2DD5}.Debug|Any CPU.ActiveCfg = Debug|x86
		{D12C7A30-4456-41DB-9E84-8F2474CA2DD5}.Debug|Mixed Platforms.ActiveCfg = Debug|x86
		{D12C7A30-4456-41DB-9E84-8F2474CA2DD5}.Debug|Mixed Platforms.Build.0 = Debug|x86
		{D12C7A30-4456-41DB-9E84-8F2474CA2DD5}.Debug|Win32.ActiveCfg = Debug|x86
		{D12C7A30-4456-41DB-9E84-8F2474CA2DD5}.Debug|x86.ActiveCfg = Debug|x86
		{D12C7A30-4456-41DB-9E84-8F2474CA2DD5}.Debug|x86.Build.0 = Debug|x86
		{D12C7A30-4456-41DB-9E84-8F2474CA2DD5}.Release|Any CPU.ActiveCfg = Release|x86
		{D12C7A30-4456-41DB-9E84-8F2474CA2DD5}.Release|Mixed Platforms.ActiveCfg = Release|x86
		{D12C7A30-4456-41DB-9E84-8F2474CA2DD5}.Release|Mixed Platforms.Build.0 = Release|x86
		{D12C7A30-4456-41DB-9E84-8F2474CA2DD5}.Release|Win32.ActiveCfg = Release|x86
		{D12C7A30-4456-41DB-9E84-8F2474CA2DD5}.Release|x86.ActiveCfg = Release|x86
		{D12C7A30-4456-41DB-9E84-8F2474CA2DD5}.Release|x86.Build.0 = Release|x86
		{8C0C414D-6C90-49E6-B957-EE32746C552B}.Debug|Any CPU.ActiveCfg = Debug|x86
		{8C0C414D-6C90-49E6-B957-EE32746C552B}.Debug|Mixed Platforms.ActiveCfg = Debug|x86
		{8C0C414D-6C90-49E6-B957-EE32746C552B}.Debug|Mixed Platforms.Build.0 = Debug|x86
		{8C0C414D-6C90-49E6-B957-EE32746C552B}.Debug|Win32.ActiveCfg = Debug|x86
		{8C0C414D-6C90-49E6-B957-EE32746C552B}.Debug|x86.ActiveCfg = Debug|x86
		{8C0C414D-6C90-49E6-B957-EE32746C552B}.Debug|x86.Build.0 = Debug|x86
		{8C0C414D-6C90-49E6-B957-EE32746C552B}.Release|Any CPU.ActiveCfg = Release|x86
		{8C0C414D-6C90-49E6-B957-EE32746C552B}.Release|Mixed Platforms.ActiveCfg = Release|x86
		{8C0C414D-6C90-49E6-B957-EE32746C552B}.Release|Mixed Platforms.Build.0 = Release|x86
		{8C0C414D-6C90-49E6-B957-EE32746C552B}.Release|Win32.ActiveCfg = Release|x86
		{8C0C414D-6C90-49E6-B957-EE32746C552B}.Release|x86.ActiveCfg = Release|x86
		{8C0C414D-6C90-49E6-B957-EE32746C552B}.Release|x86.Build.0 = Release|x86
		{CE91D0DF-5BE2-43DA-8ADF-3C92043B1226}.Debug|Any CPU.ActiveCfg = Debug|Any CPU
		{CE91D0DF-5BE2-43DA-8ADF-3C92043B1226}.Debug|Any CPU.Build.0 = Debug|Any CPU
		{CE91D0DF-5BE2-43DA-8ADF-3C92043B1226}.Debug|Mixed Platforms.ActiveCfg = Debug|Any CPU
		{CE91D0DF-5BE2-43DA-8ADF-3C92043B1226}.Debug|Mixed Platforms.Build.0 = Debug|Any CPU
		{CE91D0DF-5BE2-43DA-8ADF-3C92043B1226}.Debug|Win32.ActiveCfg = Debug|Any CPU
		{CE91D0DF-5BE2-43DA-8ADF-3C92043B1226}.Debug|x86.ActiveCfg = Debug|Any CPU
		{CE91D0DF-5BE2-43DA-8ADF-3C92043B1226}.Release|Any CPU.ActiveCfg = Release|Any CPU
		{CE91D0DF-5BE2-43DA-8ADF-3C92043B1226}.Release|Any CPU.Build.0 = Release|Any CPU
		{CE91D0DF-5BE2-43DA-8ADF-3C92043B1226}.Release|Mixed Platforms.ActiveCfg = Release|Any CPU
		{CE91D0DF-5BE2-43DA-8ADF-3C92043B1226}.Release|Mixed Platforms.Build.0 = Release|Any CPU
		{CE91D0DF-5BE2-43DA-8ADF-3C92043B1226}.Release|Win32.ActiveCfg = Release|Any CPU
		{CE91D0DF-5BE2-43DA-8ADF-3C92043B1226}.Release|x86.ActiveCfg = Release|Any CPU
		{F484626C-D74C-4618-B978-1A3562C2C380}.Debug|Any CPU.ActiveCfg = Debug|Any CPU
		{F484626C-D74C-4618-B978-1A3562C2C380}.Debug|Any CPU.Build.0 = Debug|Any CPU
		{F484626C-D74C-4618-B978-1A3562C2C380}.Debug|Mixed Platforms.ActiveCfg = Debug|Any CPU
		{F484626C-D74C-4618-B978-1A3562C2C380}.Debug|Mixed Platforms.Build.0 = Debug|Any CPU
		{F484626C-D74C-4618-B978-1A3562C2C380}.Debug|Win32.ActiveCfg = Debug|Any CPU
		{F484626C-D74C-4618-B978-1A3562C2C380}.Debug|x86.ActiveCfg = Debug|Any CPU
		{F484626C-D74C-4618-B978-1A3562C2C380}.Release|Any CPU.ActiveCfg = Release|Any CPU
		{F484626C-D74C-4618-B978-1A3562C2C380}.Release|Any CPU.Build.0 = Release|Any CPU
		{F484626C-D74C-4618-B978-1A3562C2C380}.Release|Mixed Platforms.ActiveCfg = Release|Any CPU
		{F484626C-D74C-4618-B978-1A3562C2C380}.Release|Mixed Platforms.Build.0 = Release|Any CPU
		{F484626C-D74C-4618-B978-1A3562C2C380}.Release|Win32.ActiveCfg = Release|Any CPU
		{F484626C-D74C-4618-B978-1A3562C2C380}.Release|x86.ActiveCfg = Release|Any CPU
		{FF77C230-B77D-41DC-9CB6-73058D5A3E54}.Debug|Any CPU.ActiveCfg = Debug|Any CPU
		{FF77C230-B77D-41DC-9CB6-73058D5A3E54}.Debug|Any CPU.Build.0 = Debug|Any CPU
		{FF77C230-B77D-41DC-9CB6-73058D5A3E54}.Debug|Mixed Platforms.ActiveCfg = Debug|Any CPU
		{FF77C230-B77D-41DC-9CB6-73058D5A3E54}.Debug|Mixed Platforms.Build.0 = Debug|Any CPU
		{FF77C230-B77D-41DC-9CB6-73058D5A3E54}.Debug|Win32.ActiveCfg = Debug|Any CPU
		{FF77C230-B77D-41DC-9CB6-73058D5A3E54}.Debug|x86.ActiveCfg = Debug|Any CPU
		{FF77C230-B77D-41DC-9CB6-73058D5A3E54}.Release|Any CPU.ActiveCfg = Release|Any CPU
		{FF77C230-B77D-41DC-9CB6-73058D5A3E54}.Release|Any CPU.Build.0 = Release|Any CPU
		{FF77C230-B77D-41DC-9CB6-73058D5A3E54}.Release|Mixed Platforms.ActiveCfg = Release|Any CPU
		{FF77C230-B77D-41DC-9CB6-73058D5A3E54}.Release|Mixed Platforms.Build.0 = Release|Any CPU
		{FF77C230-B77D-41DC-9CB6-73058D5A3E54}.Release|Win32.ActiveCfg = Release|Any CPU
		{FF77C230-B77D-41DC-9CB6-73058D5A3E54}.Release|x86.ActiveCfg = Release|Any CPU
	EndGlobalSection
	GlobalSection(SolutionProperties) = preSolution
		HideSolutionNode = FALSE
	EndGlobalSection
EndGlobal
