
Microsoft Visual Studio Solution File, Format Version 12.00
# Visual Studio 2012
Project("{8BC9CEB8-8B4A-11D0-8D11-00A0C91BC942}") = "reCLR", "reCLR\reCLR.vcxproj", "{225097EE-89A7-42C3-8FCF-0C88CA6CDD63}"
EndProject
Project("{FAE04EC0-301F-11D3-BF4B-00C04F79EFBC}") = "refw", "refw\refw.csproj", "{19BF7432-4278-42B4-8C1F-0D19B25C49D4}"
EndProject
Project("{FAE04EC0-301F-11D3-BF4B-00C04F79EFBC}") = "reLoader", "reLoader\reLoader.csproj", "{D12C7A30-4456-41DB-9E84-8F2474CA2DD5}"
EndProject
Project("{FAE04EC0-301F-11D3-BF4B-00C04F79EFBC}") = "test2", "test2\test2.csproj", "{8C0C414D-6C90-49E6-B957-EE32746C552B}"
EndProject
Project("{FAE04EC0-301F-11D3-BF4B-00C04F79EFBC}") = "test3", "test3\test3.csproj", "{CE91D0DF-5BE2-43DA-8ADF-3C92043B1226}"
EndProject
Project("{FAE04EC0-301F-11D3-BF4B-00C04F79EFBC}") = "refw.Communication", "refw.Communication\refw.Communication.csproj", "{F484626C-D74C-4618-B978-1A3562C2C380}"
EndProject
Project("{FAE04EC0-301F-11D3-BF4B-00C04F79EFBC}") = "refw.Rendering", "refw.Rendering\refw.Rendering.csproj", "{FF77C230-B77D-41DC-9CB6-73058D5A3E54}"
EndProject
Project("{FAE04EC0-301F-11D3-BF4B-00C04F79EFBC}") = "refw.Shared", "refw.Shared\refw.Shared.csproj", "{2D25E13E-FCA2-42E9-8A8B-B9DA13E1E859}"
EndProject
Project("{FAE04EC0-301F-11D3-BF4B-00C04F79EFBC}") = "reLoaderUI", "reLoaderUI\reLoaderUI.csproj", "{6E3CF05B-DF89-465E-8C18-E7A52D0435BA}"
EndProject
Project("{FAE04EC0-301F-11D3-BF4B-00C04F79EFBC}") = "refw.BT", "refw.BT\refw.BT.csproj", "{0C0096A9-36D8-4E19-B238-8D978F3AE90E}"
EndProject
Project("{FAE04EC0-301F-11D3-BF4B-00C04F79EFBC}") = "refw.BT.Editor", "refw.BT.Editor\refw.BT.Editor.csproj", "{94645513-D1F6-4A0A-BB56-DCCB5D93494A}"
EndProject
Project("{2150E333-8FDC-42A3-9474-1A3956D46DE8}") = "Misc", "Misc", "{B1752454-3376-473C-9FC1-25E827AB915C}"
	ProjectSection(SolutionItems) = preProject
		EasyHook\EasyHook.dll = EasyHook\EasyHook.dll
		EasyHook\EasyHook.XML = EasyHook\EasyHook.XML
		EasyHook\EasyHook32.dll = EasyHook\EasyHook32.dll
		References\SlimDX.dll = References\SlimDX.dll
	EndProjectSection
EndProject
Global
	GlobalSection(SubversionScc) = preSolution
		Svn-Managed = True
		Manager = AnkhSVN - Subversion Support for Visual Studio
	EndGlobalSection
	GlobalSection(SolutionConfigurationPlatforms) = preSolution
		Debug|Any CPU = Debug|Any CPU
		Debug|Mixed Platforms = Debug|Mixed Platforms
		Debug|Win32 = Debug|Win32
		Debug|x86 = Debug|x86
		Release|Any CPU = Release|Any CPU
		Release|Mixed Platforms = Release|Mixed Platforms
		Release|Win32 = Release|Win32
		Release|x86 = Release|x86
	EndGlobalSection
	GlobalSection(ProjectConfigurationPlatforms) = postSolution
		{225097EE-89A7-42C3-8FCF-0C88CA6CDD63}.Debug|Any CPU.ActiveCfg = Debug|Win32
		{225097EE-89A7-42C3-8FCF-0C88CA6CDD63}.Debug|Mixed Platforms.ActiveCfg = Debug|Win32
		{225097EE-89A7-42C3-8FCF-0C88CA6CDD63}.Debug|Mixed Platforms.Build.0 = Debug|Win32
		{225097EE-89A7-42C3-8FCF-0C88CA6CDD63}.Debug|Win32.ActiveCfg = Debug|Win32
		{225097EE-89A7-42C3-8FCF-0C88CA6CDD63}.Debug|Win32.Build.0 = Debug|Win32
		{225097EE-89A7-42C3-8FCF-0C88CA6CDD63}.Debug|x86.ActiveCfg = Debug|Win32
		{225097EE-89A7-42C3-8FCF-0C88CA6CDD63}.Release|Any CPU.ActiveCfg = Release|Win32
		{225097EE-89A7-42C3-8FCF-0C88CA6CDD63}.Release|Mixed Platforms.ActiveCfg = Release|Win32
		{225097EE-89A7-42C3-8FCF-0C88CA6CDD63}.Release|Mixed Platforms.Build.0 = Release|Win32
		{225097EE-89A7-42C3-8FCF-0C88CA6CDD63}.Release|Win32.ActiveCfg = Release|Win32
		{225097EE-89A7-42C3-8FCF-0C88CA6CDD63}.Release|Win32.Build.0 = Release|Win32
		{225097EE-89A7-42C3-8FCF-0C88CA6CDD63}.Release|x86.ActiveCfg = Release|Win32
		{19BF7432-4278-42B4-8C1F-0D19B25C49D4}.Debug|Any CPU.ActiveCfg = Debug|Any CPU
		{19BF7432-4278-42B4-8C1F-0D19B25C49D4}.Debug|Any CPU.Build.0 = Debug|Any CPU
		{19BF7432-4278-42B4-8C1F-0D19B25C49D4}.Debug|Mixed Platforms.ActiveCfg = Debug|Any CPU
		{19BF7432-4278-42B4-8C1F-0D19B25C49D4}.Debug|Mixed Platforms.Build.0 = Debug|Any CPU
		{19BF7432-4278-42B4-8C1F-0D19B25C49D4}.Debug|Win32.ActiveCfg = Debug|Any CPU
		{19BF7432-4278-42B4-8C1F-0D19B25C49D4}.Debug|x86.ActiveCfg = Debug|Any CPU
		{19BF7432-4278-42B4-8C1F-0D19B25C49D4}.Release|Any CPU.ActiveCfg = Release|Any CPU
		{19BF7432-4278-42B4-8C1F-0D19B25C49D4}.Release|Any CPU.Build.0 = Release|Any CPU
		{19BF7432-4278-42B4-8C1F-0D19B25C49D4}.Release|Mixed Platforms.ActiveCfg = Release|Any CPU
		{19BF7432-4278-42B4-8C1F-0D19B25C49D4}.Release|Mixed Platforms.Build.0 = Release|Any CPU
		{19BF7432-4278-42B4-8C1F-0D19B25C49D4}.Release|Win32.ActiveCfg = Release|Any CPU
		{19BF7432-4278-42B4-8C1F-0D19B25C49D4}.Release|x86.ActiveCfg = Release|Any CPU
		{D12C7A30-4456-41DB-9E84-8F2474CA2DD5}.Debug|Any CPU.ActiveCfg = Debug|x86
		{D12C7A30-4456-41DB-9E84-8F2474CA2DD5}.Debug|Mixed Platforms.ActiveCfg = Debug|x86
		{D12C7A30-4456-41DB-9E84-8F2474CA2DD5}.Debug|Mixed Platforms.Build.0 = Debug|x86
		{D12C7A30-4456-41DB-9E84-8F2474CA2DD5}.Debug|Win32.ActiveCfg = Debug|x86
		{D12C7A30-4456-41DB-9E84-8F2474CA2DD5}.Debug|x86.ActiveCfg = Debug|x86
		{D12C7A30-4456-41DB-9E84-8F2474CA2DD5}.Debug|x86.Build.0 = Debug|x86
		{D12C7A30-4456-41DB-9E84-8F2474CA2DD5}.Release|Any CPU.ActiveCfg = Release|x86
		{D12C7A30-4456-41DB-9E84-8F2474CA2DD5}.Release|Mixed Platforms.ActiveCfg = Release|x86
		{D12C7A30-4456-41DB-9E84-8F2474CA2DD5}.Release|Mixed Platforms.Build.0 = Release|x86
		{D12C7A30-4456-41DB-9E84-8F2474CA2DD5}.Release|Win32.ActiveCfg = Release|x86
		{D12C7A30-4456-41DB-9E84-8F2474CA2DD5}.Release|x86.ActiveCfg = Release|x86
		{D12C7A30-4456-41DB-9E84-8F2474CA2DD5}.Release|x86.Build.0 = Release|x86
		{8C0C414D-6C90-49E6-B957-EE32746C552B}.Debug|Any CPU.ActiveCfg = Debug|x86
		{8C0C414D-6C90-49E6-B957-EE32746C552B}.Debug|Mixed Platforms.ActiveCfg = Debug|x86
		{8C0C414D-6C90-49E6-B957-EE32746C552B}.Debug|Mixed Platforms.Build.0 = Debug|x86
		{8C0C414D-6C90-49E6-B957-EE32746C552B}.Debug|Win32.ActiveCfg = Debug|x86
		{8C0C414D-6C90-49E6-B957-EE32746C552B}.Debug|x86.ActiveCfg = Debug|x86
		{8C0C414D-6C90-49E6-B957-EE32746C552B}.Debug|x86.Build.0 = Debug|x86
		{8C0C414D-6C90-49E6-B957-EE32746C552B}.Release|Any CPU.ActiveCfg = Release|x86
		{8C0C414D-6C90-49E6-B957-EE32746C552B}.Release|Mixed Platforms.ActiveCfg = Release|x86
		{8C0C414D-6C90-49E6-B957-EE32746C552B}.Release|Mixed Platforms.Build.0 = Release|x86
		{8C0C414D-6C90-49E6-B957-EE32746C552B}.Release|Win32.ActiveCfg = Release|x86
		{8C0C414D-6C90-49E6-B957-EE32746C552B}.Release|x86.ActiveCfg = Release|x86
		{8C0C414D-6C90-49E6-B957-EE32746C552B}.Release|x86.Build.0 = Release|x86
		{CE91D0DF-5BE2-43DA-8ADF-3C92043B1226}.Debug|Any CPU.ActiveCfg = Debug|Any CPU
		{CE91D0DF-5BE2-43DA-8ADF-3C92043B1226}.Debug|Any CPU.Build.0 = Debug|Any CPU
		{CE91D0DF-5BE2-43DA-8ADF-3C92043B1226}.Debug|Mixed Platforms.ActiveCfg = Debug|Any CPU
		{CE91D0DF-5BE2-43DA-8ADF-3C92043B1226}.Debug|Mixed Platforms.Build.0 = Debug|Any CPU
		{CE91D0DF-5BE2-43DA-8ADF-3C92043B1226}.Debug|Win32.ActiveCfg = Debug|Any CPU
		{CE91D0DF-5BE2-43DA-8ADF-3C92043B1226}.Debug|x86.ActiveCfg = Debug|Any CPU
		{CE91D0DF-5BE2-43DA-8ADF-3C92043B1226}.Release|Any CPU.ActiveCfg = Release|Any CPU
		{CE91D0DF-5BE2-43DA-8ADF-3C92043B1226}.Release|Any CPU.Build.0 = Release|Any CPU
		{CE91D0DF-5BE2-43DA-8ADF-3C92043B1226}.Release|Mixed Platforms.ActiveCfg = Release|Any CPU
		{CE91D0DF-5BE2-43DA-8ADF-3C92043B1226}.Release|Mixed Platforms.Build.0 = Release|Any CPU
		{CE91D0DF-5BE2-43DA-8ADF-3C92043B1226}.Release|Win32.ActiveCfg = Release|Any CPU
		{CE91D0DF-5BE2-43DA-8ADF-3C92043B1226}.Release|x86.ActiveCfg = Release|Any CPU
		{F484626C-D74C-4618-B978-1A3562C2C380}.Debug|Any CPU.ActiveCfg = Debug|Any CPU
		{F484626C-D74C-4618-B978-1A3562C2C380}.Debug|Any CPU.Build.0 = Debug|Any CPU
		{F484626C-D74C-4618-B978-1A3562C2C380}.Debug|Mixed Platforms.ActiveCfg = Debug|Any CPU
		{F484626C-D74C-4618-B978-1A3562C2C380}.Debug|Mixed Platforms.Build.0 = Debug|Any CPU
		{F484626C-D74C-4618-B978-1A3562C2C380}.Debug|Win32.ActiveCfg = Debug|Any CPU
		{F484626C-D74C-4618-B978-1A3562C2C380}.Debug|x86.ActiveCfg = Debug|Any CPU
		{F484626C-D74C-4618-B978-1A3562C2C380}.Release|Any CPU.ActiveCfg = Release|Any CPU
		{F484626C-D74C-4618-B978-1A3562C2C380}.Release|Any CPU.Build.0 = Release|Any CPU
		{F484626C-D74C-4618-B978-1A3562C2C380}.Release|Mixed Platforms.ActiveCfg = Release|Any CPU
		{F484626C-D74C-4618-B978-1A3562C2C380}.Release|Mixed Platforms.Build.0 = Release|Any CPU
		{F484626C-D74C-4618-B978-1A3562C2C380}.Release|Win32.ActiveCfg = Release|Any CPU
		{F484626C-D74C-4618-B978-1A3562C2C380}.Release|x86.ActiveCfg = Release|Any CPU
		{FF77C230-B77D-41DC-9CB6-73058D5A3E54}.Debug|Any CPU.ActiveCfg = Debug|Any CPU
		{FF77C230-B77D-41DC-9CB6-73058D5A3E54}.Debug|Any CPU.Build.0 = Debug|Any CPU
		{FF77C230-B77D-41DC-9CB6-73058D5A3E54}.Debug|Mixed Platforms.ActiveCfg = Debug|Any CPU
		{FF77C230-B77D-41DC-9CB6-73058D5A3E54}.Debug|Mixed Platforms.Build.0 = Debug|Any CPU
		{FF77C230-B77D-41DC-9CB6-73058D5A3E54}.Debug|Win32.ActiveCfg = Debug|Any CPU
		{FF77C230-B77D-41DC-9CB6-73058D5A3E54}.Debug|x86.ActiveCfg = Debug|Any CPU
		{FF77C230-B77D-41DC-9CB6-73058D5A3E54}.Release|Any CPU.ActiveCfg = Release|Any CPU
		{FF77C230-B77D-41DC-9CB6-73058D5A3E54}.Release|Any CPU.Build.0 = Release|Any CPU
		{FF77C230-B77D-41DC-9CB6-73058D5A3E54}.Release|Mixed Platforms.ActiveCfg = Release|Any CPU
		{FF77C230-B77D-41DC-9CB6-73058D5A3E54}.Release|Mixed Platforms.Build.0 = Release|Any CPU
		{FF77C230-B77D-41DC-9CB6-73058D5A3E54}.Release|Win32.ActiveCfg = Release|Any CPU
		{FF77C230-B77D-41DC-9CB6-73058D5A3E54}.Release|x86.ActiveCfg = Release|Any CPU
		{2D25E13E-FCA2-42E9-8A8B-B9DA13E1E859}.Debug|Any CPU.ActiveCfg = Debug|Any CPU
		{2D25E13E-FCA2-42E9-8A8B-B9DA13E1E859}.Debug|Any CPU.Build.0 = Debug|Any CPU
		{2D25E13E-FCA2-42E9-8A8B-B9DA13E1E859}.Debug|Mixed Platforms.ActiveCfg = Debug|Any CPU
		{2D25E13E-FCA2-42E9-8A8B-B9DA13E1E859}.Debug|Mixed Platforms.Build.0 = Debug|Any CPU
		{2D25E13E-FCA2-42E9-8A8B-B9DA13E1E859}.Debug|Win32.ActiveCfg = Debug|Any CPU
		{2D25E13E-FCA2-42E9-8A8B-B9DA13E1E859}.Debug|x86.ActiveCfg = Debug|Any CPU
		{2D25E13E-FCA2-42E9-8A8B-B9DA13E1E859}.Release|Any CPU.ActiveCfg = Release|Any CPU
		{2D25E13E-FCA2-42E9-8A8B-B9DA13E1E859}.Release|Any CPU.Build.0 = Release|Any CPU
		{2D25E13E-FCA2-42E9-8A8B-B9DA13E1E859}.Release|Mixed Platforms.ActiveCfg = Release|Any CPU
		{2D25E13E-FCA2-42E9-8A8B-B9DA13E1E859}.Release|Mixed Platforms.Build.0 = Release|Any CPU
		{2D25E13E-FCA2-42E9-8A8B-B9DA13E1E859}.Release|Win32.ActiveCfg = Release|Any CPU
		{2D25E13E-FCA2-42E9-8A8B-B9DA13E1E859}.Release|x86.ActiveCfg = Release|Any CPU
		{6E3CF05B-DF89-465E-8C18-E7A52D0435BA}.Debug|Any CPU.ActiveCfg = Debug|Any CPU
		{6E3CF05B-DF89-465E-8C18-E7A52D0435BA}.Debug|Any CPU.Build.0 = Debug|Any CPU
		{6E3CF05B-DF89-465E-8C18-E7A52D0435BA}.Debug|Mixed Platforms.ActiveCfg = Debug|Any CPU
		{6E3CF05B-DF89-465E-8C18-E7A52D0435BA}.Debug|Mixed Platforms.Build.0 = Debug|Any CPU
		{6E3CF05B-DF89-465E-8C18-E7A52D0435BA}.Debug|Win32.ActiveCfg = Debug|Any CPU
		{6E3CF05B-DF89-465E-8C18-E7A52D0435BA}.Debug|x86.ActiveCfg = Debug|Any CPU
		{6E3CF05B-DF89-465E-8C18-E7A52D0435BA}.Release|Any CPU.ActiveCfg = Release|Any CPU
		{6E3CF05B-DF89-465E-8C18-E7A52D0435BA}.Release|Any CPU.Build.0 = Release|Any CPU
		{6E3CF05B-DF89-465E-8C18-E7A52D0435BA}.Release|Mixed Platforms.ActiveCfg = Release|Any CPU
		{6E3CF05B-DF89-465E-8C18-E7A52D0435BA}.Release|Mixed Platforms.Build.0 = Release|Any CPU
		{6E3CF05B-DF89-465E-8C18-E7A52D0435BA}.Release|Win32.ActiveCfg = Release|Any CPU
		{6E3CF05B-DF89-465E-8C18-E7A52D0435BA}.Release|x86.ActiveCfg = Release|Any CPU
		{0C0096A9-36D8-4E19-B238-8D978F3AE90E}.Debug|Any CPU.ActiveCfg = Debug|Any CPU
		{0C0096A9-36D8-4E19-B238-8D978F3AE90E}.Debug|Any CPU.Build.0 = Debug|Any CPU
		{0C0096A9-36D8-4E19-B238-8D978F3AE90E}.Debug|Mixed Platforms.ActiveCfg = Debug|Any CPU
		{0C0096A9-36D8-4E19-B238-8D978F3AE90E}.Debug|Mixed Platforms.Build.0 = Debug|Any CPU
		{0C0096A9-36D8-4E19-B238-8D978F3AE90E}.Debug|Win32.ActiveCfg = Debug|Any CPU
		{0C0096A9-36D8-4E19-B238-8D978F3AE90E}.Debug|x86.ActiveCfg = Debug|Any CPU
		{0C0096A9-36D8-4E19-B238-8D978F3AE90E}.Release|Any CPU.ActiveCfg = Release|Any CPU
		{0C0096A9-36D8-4E19-B238-8D978F3AE90E}.Release|Any CPU.Build.0 = Release|Any CPU
		{0C0096A9-36D8-4E19-B238-8D978F3AE90E}.Release|Mixed Platforms.ActiveCfg = Release|Any CPU
		{0C0096A9-36D8-4E19-B238-8D978F3AE90E}.Release|Mixed Platforms.Build.0 = Release|Any CPU
		{0C0096A9-36D8-4E19-B238-8D978F3AE90E}.Release|Win32.ActiveCfg = Release|Any CPU
		{0C0096A9-36D8-4E19-B238-8D978F3AE90E}.Release|x86.ActiveCfg = Release|Any CPU
		{94645513-D1F6-4A0A-BB56-DCCB5D93494A}.Debug|Any CPU.ActiveCfg = Debug|Any CPU
		{94645513-D1F6-4A0A-BB56-DCCB5D93494A}.Debug|Any CPU.Build.0 = Debug|Any CPU
		{94645513-D1F6-4A0A-BB56-DCCB5D93494A}.Debug|Mixed Platforms.ActiveCfg = Debug|Any CPU
		{94645513-D1F6-4A0A-BB56-DCCB5D93494A}.Debug|Mixed Platforms.Build.0 = Debug|Any CPU
		{94645513-D1F6-4A0A-BB56-DCCB5D93494A}.Debug|Win32.ActiveCfg = Debug|Any CPU
		{94645513-D1F6-4A0A-BB56-DCCB5D93494A}.Debug|x86.ActiveCfg = Debug|Any CPU
		{94645513-D1F6-4A0A-BB56-DCCB5D93494A}.Release|Any CPU.ActiveCfg = Release|Any CPU
		{94645513-D1F6-4A0A-BB56-DCCB5D93494A}.Release|Any CPU.Build.0 = Release|Any CPU
		{94645513-D1F6-4A0A-BB56-DCCB5D93494A}.Release|Mixed Platforms.ActiveCfg = Release|Any CPU
		{94645513-D1F6-4A0A-BB56-DCCB5D93494A}.Release|Mixed Platforms.Build.0 = Release|Any CPU
		{94645513-D1F6-4A0A-BB56-DCCB5D93494A}.Release|Win32.ActiveCfg = Release|Any CPU
		{94645513-D1F6-4A0A-BB56-DCCB5D93494A}.Release|x86.ActiveCfg = Release|Any CPU
	EndGlobalSection
	GlobalSection(SolutionProperties) = preSolution
		HideSolutionNode = FALSE
	EndGlobalSection
EndGlobal
